
Microsoft Visual Studio Solution File, Format Version 12.00
# Visual Studio Version 17
VisualStudioVersion = 17.9.34607.119
MinimumVisualStudioVersion = 10.0.40219.1
Project("{FAE04EC0-301F-11D3-BF4B-00C04F79EFBC}") = "Tic-Tac-Toe_Game", "Tic-Tac-Toe_Game.csproj", "{C15F396E-1015-4DFE-A189-781E9B4C424D}"
EndProject
Global
	GlobalSection(SolutionConfigurationPlatforms) = preSolution
		Debug|Any CPU = Debug|Any CPU
		Release|Any CPU = Release|Any CPU
	EndGlobalSection
	GlobalSection(ProjectConfigurationPlatforms) = postSolution
		{C15F396E-1015-4DFE-A189-781E9B4C424D}.Debug|Any CPU.ActiveCfg = Debug|Any CPU
		{C15F396E-1015-4DFE-A189-781E9B4C424D}.Debug|Any CPU.Build.0 = Debug|Any CPU
		{C15F396E-1015-4DFE-A189-781E9B4C424D}.Release|Any CPU.ActiveCfg = Release|Any CPU
		{C15F396E-1015-4DFE-A189-781E9B4C424D}.Release|Any CPU.Build.0 = Release|Any CPU
	EndGlobalSection
	GlobalSection(SolutionProperties) = preSolution
		HideSolutionNode = FALSE
	EndGlobalSection
	GlobalSection(ExtensibilityGlobals) = postSolution
		SolutionGuid = {1235E9E0-7BC6-4468-A16B-8652484838EA}
	EndGlobalSection
EndGlobal
